
Microsoft Visual Studio Solution File, Format Version 12.00
# Visual Studio Version 17
VisualStudioVersion = 17.5.33516.290
MinimumVisualStudioVersion = 10.0.40219.1
Project("{9A19103F-16F7-4668-BE54-9A1E7A4F7556}") = "OrleansTests", "OrleansTests\OrleansTests.csproj", "{9F91AF2C-90DF-43E7-AE04-3580783D3C83}"
EndProject
Global
	GlobalSection(SolutionConfigurationPlatforms) = preSolution
		Debug|Any CPU = Debug|Any CPU
		Release|Any CPU = Release|Any CPU
	EndGlobalSection
	GlobalSection(ProjectConfigurationPlatforms) = postSolution
		{9F91AF2C-90DF-43E7-AE04-3580783D3C83}.Debug|Any CPU.ActiveCfg = Debug|Any CPU
		{9F91AF2C-90DF-43E7-AE04-3580783D3C83}.Debug|Any CPU.Build.0 = Debug|Any CPU
		{9F91AF2C-90DF-43E7-AE04-3580783D3C83}.Release|Any CPU.ActiveCfg = Release|Any CPU
		{9F91AF2C-90DF-43E7-AE04-3580783D3C83}.Release|Any CPU.Build.0 = Release|Any CPU
	EndGlobalSection
	GlobalSection(SolutionProperties) = preSolution
		HideSolutionNode = FALSE
	EndGlobalSection
	GlobalSection(ExtensibilityGlobals) = postSolution
		SolutionGuid = {7E4AABB1-D5C8-4080-9A74-F692B9EDC701}
	EndGlobalSection
EndGlobal
